
Microsoft Visual Studio Solution File, Format Version 12.00
# Visual Studio Version 17
VisualStudioVersion = 17.5.33530.505
MinimumVisualStudioVersion = 10.0.40219.1
Project("{FAE04EC0-301F-11D3-BF4B-00C04F79EFBC}") = "StringManipulation", "StringManipulation.csproj", "{D6439C8F-4905-4972-845F-FBB5CBCA438F}"
EndProject
Global
	GlobalSection(SolutionConfigurationPlatforms) = preSolution
		Debug|Any CPU = Debug|Any CPU
		Release|Any CPU = Release|Any CPU
	EndGlobalSection
	GlobalSection(ProjectConfigurationPlatforms) = postSolution
		{D6439C8F-4905-4972-845F-FBB5CBCA438F}.Debug|Any CPU.ActiveCfg = Debug|Any CPU
		{D6439C8F-4905-4972-845F-FBB5CBCA438F}.Debug|Any CPU.Build.0 = Debug|Any CPU
		{D6439C8F-4905-4972-845F-FBB5CBCA438F}.Release|Any CPU.ActiveCfg = Release|Any CPU
		{D6439C8F-4905-4972-845F-FBB5CBCA438F}.Release|Any CPU.Build.0 = Release|Any CPU
	EndGlobalSection
	GlobalSection(SolutionProperties) = preSolution
		HideSolutionNode = FALSE
	EndGlobalSection
	GlobalSection(ExtensibilityGlobals) = postSolution
		SolutionGuid = {A41D7894-A833-4BE1-85CC-7DA29E350855}
	EndGlobalSection
EndGlobal
